
Microsoft Visual Studio Solution File, Format Version 12.00
# Visual Studio Version 17
VisualStudioVersion = 17.6.33829.357
MinimumVisualStudioVersion = 10.0.40219.1
Project("{FAE04EC0-301F-11D3-BF4B-00C04F79EFBC}") = "PixelControlledApi", "PixelControlledAPi\PixelControlledApi.csproj", "{FC124257-F5E1-B7A2-D0D5-F4EA20BEC9D5}"
EndProject
Project("{FAE04EC0-301F-11D3-BF4B-00C04F79EFBC}") = "PixelToyControl", "PixelToyControl\PixelToyControl.csproj", "{F7EF1480-08B3-9BBB-51A1-3E8AFEB6A8F0}"
EndProject
Project("{FAE04EC0-301F-11D3-BF4B-00C04F79EFBC}") = "Test", "Test\Test.csproj", "{4F1B75B3-7A1C-4F2E-9D34-D0154B1CC444}"
EndProject
Global
	GlobalSection(SolutionConfigurationPlatforms) = preSolution
		Debug|Any CPU = Debug|Any CPU
		Release|Any CPU = Release|Any CPU
	EndGlobalSection
	GlobalSection(ProjectConfigurationPlatforms) = postSolution
		{FC124257-F5E1-B7A2-D0D5-F4EA20BEC9D5}.Debug|Any CPU.ActiveCfg = Debug|Any CPU
		{FC124257-F5E1-B7A2-D0D5-F4EA20BEC9D5}.Debug|Any CPU.Build.0 = Debug|Any CPU
		{FC124257-F5E1-B7A2-D0D5-F4EA20BEC9D5}.Release|Any CPU.ActiveCfg = Release|Any CPU
		{FC124257-F5E1-B7A2-D0D5-F4EA20BEC9D5}.Release|Any CPU.Build.0 = Release|Any CPU
		{F7EF1480-08B3-9BBB-51A1-3E8AFEB6A8F0}.Debug|Any CPU.ActiveCfg = Debug|Any CPU
		{F7EF1480-08B3-9BBB-51A1-3E8AFEB6A8F0}.Debug|Any CPU.Build.0 = Debug|Any CPU
		{F7EF1480-08B3-9BBB-51A1-3E8AFEB6A8F0}.Release|Any CPU.ActiveCfg = Release|Any CPU
		{F7EF1480-08B3-9BBB-51A1-3E8AFEB6A8F0}.Release|Any CPU.Build.0 = Release|Any CPU
		{4F1B75B3-7A1C-4F2E-9D34-D0154B1CC444}.Debug|Any CPU.ActiveCfg = Debug|Any CPU
		{4F1B75B3-7A1C-4F2E-9D34-D0154B1CC444}.Debug|Any CPU.Build.0 = Debug|Any CPU
		{4F1B75B3-7A1C-4F2E-9D34-D0154B1CC444}.Release|Any CPU.ActiveCfg = Release|Any CPU
		{4F1B75B3-7A1C-4F2E-9D34-D0154B1CC444}.Release|Any CPU.Build.0 = Release|Any CPU
	EndGlobalSection
	GlobalSection(SolutionProperties) = preSolution
		HideSolutionNode = FALSE
	EndGlobalSection
	GlobalSection(ExtensibilityGlobals) = postSolution
		SolutionGuid = {1DC69802-1C90-409B-A48A-6AA559494B25}
	EndGlobalSection
EndGlobal
